{
  "version": "5",
  "specifiers": {
    "npm:@hono/zod-validator@0.8": "0.8.0_hono@4.12.25_zod@4.4.3",
    "npm:hono-rate-limiter@~0.5.3": "0.5.3_hono@4.12.25",
    "npm:hono@^4.12.25": "4.12.25",
    "npm:zod@^4.4.3": "4.4.3"
  },
  "npm": {
    "@hono/zod-validator@0.8.0_hono@4.12.25_zod@4.4.3": {
      "integrity": "sha512-5uS4S1/LKtZQYvD4BtpPUFkOv8d1wNxHHrChm26buMiEYc1FrHWvDUaKVBwkiVtvSExHSpLGDvcnpI2Copyj9w==",
      "dependencies": [
        "hono",
        "zod"
      ]
    },
    "hono-rate-limiter@0.5.3_hono@4.12.25": {
      "integrity": "sha512-M0DxbVMpPELEzLi0AJg1XyBHLGJXz7GySjsPoK+gc5YeeBsdGDGe+2RvVuCAv8ydINiwlbxqYMNxUEyYfRji/A==",
      "dependencies": [
        "hono"
      ]
    },
    "hono@4.12.25": {
      "integrity": "sha512-2NFaIyNVgJmBs/ecmtGzlmluTFs5cHEWGTdu0t1HBwYzoGXOL5nUQBRMXsXWla5i4KkG//QMzVP88m1+I3fdAQ=="
    },
    "zod@4.4.3": {
      "integrity": "sha512-ytENFjIJFl2UwYglde2jchW2Hwm4GJFLDiSXWdTrJQBIN9Fcyp7n4DhxJEiWNAJMV1/BqWfW/kkg71UDcHJyTQ=="
    }
  },
  "workspace": {
    "dependencies": [
      "npm:@hono/zod-validator@0.8",
      "npm:hono-rate-limiter@~0.5.3",
      "npm:hono@^4.12.25",
      "npm:zod@^4.4.3"
    ]
  }
}
